
Microsoft Visual Studio Solution File, Format Version 12.00
# Visual Studio Version 17
VisualStudioVersion = 17.5.33424.131
MinimumVisualStudioVersion = 10.0.40219.1
Project("{9A19103F-16F7-4668-BE54-9A1E7A4F7556}") = "Payment.Domain.Shared", "src\Payment.Domain.Shared\Payment.Domain.Shared.csproj", "{D64C1577-4929-4B60-939E-96DE1534891A}"
EndProject
Project("{9A19103F-16F7-4668-BE54-9A1E7A4F7556}") = "Payment.Domain", "src\Payment.Domain\Payment.Domain.csproj", "{F2840BC7-0188-4606-9126-DADD0F5ABF7A}"
EndProject
Project("{9A19103F-16F7-4668-BE54-9A1E7A4F7556}") = "Payment.Application.Contracts", "src\Payment.Application.Contracts\Payment.Application.Contracts.csproj", "{BD65D04F-08D5-40C1-8C24-77CA0BACB877}"
EndProject
Project("{9A19103F-16F7-4668-BE54-9A1E7A4F7556}") = "Payment.Application", "src\Payment.Application\Payment.Application.csproj", "{78040F9E-3501-4A40-82DF-00A597710F35}"
EndProject
Project("{2150E333-8FDC-42A3-9474-1A3956D46DE8}") = "src", "src", "{649A3FFA-182F-4E56-9717-E6A9A2BEC545}"
EndProject
Project("{2150E333-8FDC-42A3-9474-1A3956D46DE8}") = "test", "test", "{CCD2960C-23CC-4AB4-B84D-60C7AAA52F4D}"
EndProject
Project("{9A19103F-16F7-4668-BE54-9A1E7A4F7556}") = "Payment.EntityFrameworkCore", "src\Payment.EntityFrameworkCore\Payment.EntityFrameworkCore.csproj", "{0CE86223-D31D-4315-A1F5-87BA3EE1B844}"
EndProject
Project("{9A19103F-16F7-4668-BE54-9A1E7A4F7556}") = "Payment.HttpApi", "src\Payment.HttpApi\Payment.HttpApi.csproj", "{077AA5F8-8B61-420C-A6B5-0150A66FDB34}"
EndProject
Project("{9A19103F-16F7-4668-BE54-9A1E7A4F7556}") = "Payment.HttpApi.Client", "src\Payment.HttpApi.Client\Payment.HttpApi.Client.csproj", "{36E2735F-CEAB-44C8-A6D1-2CDAFF399751}"
EndProject
Project("{9A19103F-16F7-4668-BE54-9A1E7A4F7556}") = "Payment.TestBase", "test\Payment.TestBase\Payment.TestBase.csproj", "{C5BB573D-3030-4BCB-88B7-F6A85C32766C}"
EndProject
Project("{9A19103F-16F7-4668-BE54-9A1E7A4F7556}") = "Payment.EntityFrameworkCore.Tests", "test\Payment.EntityFrameworkCore.Tests\Payment.EntityFrameworkCore.Tests.csproj", "{527F645C-C1FC-406E-8479-81386C8ECF13}"
EndProject
Project("{9A19103F-16F7-4668-BE54-9A1E7A4F7556}") = "Payment.Domain.Tests", "test\Payment.Domain.Tests\Payment.Domain.Tests.csproj", "{E60895E5-79C4-447D-88B7-85CB5BA336A4}"
EndProject
Project("{9A19103F-16F7-4668-BE54-9A1E7A4F7556}") = "Payment.Application.Tests", "test\Payment.Application.Tests\Payment.Application.Tests.csproj", "{90CB5DC4-C040-45C7-8900-9688B26405BC}"
EndProject
Project("{9A19103F-16F7-4668-BE54-9A1E7A4F7556}") = "Payment.Web", "src\Payment.Web\Payment.Web.csproj", "{3B7B6317-1B85-4164-8E11-75574F80AE17}"
EndProject
Project("{9A19103F-16F7-4668-BE54-9A1E7A4F7556}") = "Payment.HttpApi.Client.ConsoleTestApp", "test\Payment.HttpApi.Client.ConsoleTestApp\Payment.HttpApi.Client.ConsoleTestApp.csproj", "{1EDCD6D4-DF3A-4E3B-ABB6-C0D0B373EAB8}"
EndProject
Project("{2150E333-8FDC-42A3-9474-1A3956D46DE8}") = "admin", "admin", "{21244C1C-AAB0-4472-8E00-00676A6FBFCD}"
EndProject
Project("{2150E333-8FDC-42A3-9474-1A3956D46DE8}") = "common", "common", "{75507563-B8EB-47D1-87AD-14275C0CBC26}"
EndProject
Project("{2150E333-8FDC-42A3-9474-1A3956D46DE8}") = "www", "www", "{D22A519E-10C8-4C83-9448-B02830CA87B0}"
EndProject
Project("{FAE04EC0-301F-11D3-BF4B-00C04F79EFBC}") = "Payment.Admin.Blazor", "src\Payment.Admin.Blazor\Payment.Admin.Blazor.csproj", "{ABBBC711-2919-489A-A381-A7D0D5D9E984}"
EndProject
Project("{9A19103F-16F7-4668-BE54-9A1E7A4F7556}") = "Payment.Admin.Application", "src\Payment.Admin.Application\Payment.Admin.Application.csproj", "{F125680B-3121-4757-B0D3-8A956E2224DB}"
EndProject
Project("{9A19103F-16F7-4668-BE54-9A1E7A4F7556}") = "Payment.Admin.Application.Contracts", "src\Payment.Admin.Application.Contracts\Payment.Admin.Application.Contracts.csproj", "{0530B46A-C64B-4BB6-8948-D8DDE07E3671}"
EndProject
Project("{9A19103F-16F7-4668-BE54-9A1E7A4F7556}") = "Payment.Admin.HttpApi", "src\Payment.Admin.HttpApi\Payment.Admin.HttpApi.csproj", "{ACADA442-9714-439F-A020-C64791C37A01}"
EndProject
Project("{9A19103F-16F7-4668-BE54-9A1E7A4F7556}") = "Payment.Admin.HttpApi.Client", "src\Payment.Admin.HttpApi.Client\Payment.Admin.HttpApi.Client.csproj", "{65A39E4C-E7FF-4E57-9B41-FBA3040CEA81}"
EndProject
Global
	GlobalSection(SolutionConfigurationPlatforms) = preSolution
		Debug|Any CPU = Debug|Any CPU
		Release|Any CPU = Release|Any CPU
	EndGlobalSection
	GlobalSection(ProjectConfigurationPlatforms) = postSolution
		{D64C1577-4929-4B60-939E-96DE1534891A}.Debug|Any CPU.ActiveCfg = Debug|Any CPU
		{D64C1577-4929-4B60-939E-96DE1534891A}.Debug|Any CPU.Build.0 = Debug|Any CPU
		{D64C1577-4929-4B60-939E-96DE1534891A}.Release|Any CPU.ActiveCfg = Release|Any CPU
		{D64C1577-4929-4B60-939E-96DE1534891A}.Release|Any CPU.Build.0 = Release|Any CPU
		{F2840BC7-0188-4606-9126-DADD0F5ABF7A}.Debug|Any CPU.ActiveCfg = Debug|Any CPU
		{F2840BC7-0188-4606-9126-DADD0F5ABF7A}.Debug|Any CPU.Build.0 = Debug|Any CPU
		{F2840BC7-0188-4606-9126-DADD0F5ABF7A}.Release|Any CPU.ActiveCfg = Release|Any CPU
		{F2840BC7-0188-4606-9126-DADD0F5ABF7A}.Release|Any CPU.Build.0 = Release|Any CPU
		{BD65D04F-08D5-40C1-8C24-77CA0BACB877}.Debug|Any CPU.ActiveCfg = Debug|Any CPU
		{BD65D04F-08D5-40C1-8C24-77CA0BACB877}.Debug|Any CPU.Build.0 = Debug|Any CPU
		{BD65D04F-08D5-40C1-8C24-77CA0BACB877}.Release|Any CPU.ActiveCfg = Release|Any CPU
		{BD65D04F-08D5-40C1-8C24-77CA0BACB877}.Release|Any CPU.Build.0 = Release|Any CPU
		{78040F9E-3501-4A40-82DF-00A597710F35}.Debug|Any CPU.ActiveCfg = Debug|Any CPU
		{78040F9E-3501-4A40-82DF-00A597710F35}.Debug|Any CPU.Build.0 = Debug|Any CPU
		{78040F9E-3501-4A40-82DF-00A597710F35}.Release|Any CPU.ActiveCfg = Release|Any CPU
		{78040F9E-3501-4A40-82DF-00A597710F35}.Release|Any CPU.Build.0 = Release|Any CPU
		{0CE86223-D31D-4315-A1F5-87BA3EE1B844}.Debug|Any CPU.ActiveCfg = Debug|Any CPU
		{0CE86223-D31D-4315-A1F5-87BA3EE1B844}.Debug|Any CPU.Build.0 = Debug|Any CPU
		{0CE86223-D31D-4315-A1F5-87BA3EE1B844}.Release|Any CPU.ActiveCfg = Release|Any CPU
		{0CE86223-D31D-4315-A1F5-87BA3EE1B844}.Release|Any CPU.Build.0 = Release|Any CPU
		{077AA5F8-8B61-420C-A6B5-0150A66FDB34}.Debug|Any CPU.ActiveCfg = Debug|Any CPU
		{077AA5F8-8B61-420C-A6B5-0150A66FDB34}.Debug|Any CPU.Build.0 = Debug|Any CPU
		{077AA5F8-8B61-420C-A6B5-0150A66FDB34}.Release|Any CPU.ActiveCfg = Release|Any CPU
		{077AA5F8-8B61-420C-A6B5-0150A66FDB34}.Release|Any CPU.Build.0 = Release|Any CPU
		{36E2735F-CEAB-44C8-A6D1-2CDAFF399751}.Debug|Any CPU.ActiveCfg = Debug|Any CPU
		{36E2735F-CEAB-44C8-A6D1-2CDAFF399751}.Debug|Any CPU.Build.0 = Debug|Any CPU
		{36E2735F-CEAB-44C8-A6D1-2CDAFF399751}.Release|Any CPU.ActiveCfg = Release|Any CPU
		{36E2735F-CEAB-44C8-A6D1-2CDAFF399751}.Release|Any CPU.Build.0 = Release|Any CPU
		{C5BB573D-3030-4BCB-88B7-F6A85C32766C}.Debug|Any CPU.ActiveCfg = Debug|Any CPU
		{C5BB573D-3030-4BCB-88B7-F6A85C32766C}.Debug|Any CPU.Build.0 = Debug|Any CPU
		{C5BB573D-3030-4BCB-88B7-F6A85C32766C}.Release|Any CPU.ActiveCfg = Release|Any CPU
		{C5BB573D-3030-4BCB-88B7-F6A85C32766C}.Release|Any CPU.Build.0 = Release|Any CPU
		{527F645C-C1FC-406E-8479-81386C8ECF13}.Debug|Any CPU.ActiveCfg = Debug|Any CPU
		{527F645C-C1FC-406E-8479-81386C8ECF13}.Debug|Any CPU.Build.0 = Debug|Any CPU
		{527F645C-C1FC-406E-8479-81386C8ECF13}.Release|Any CPU.ActiveCfg = Release|Any CPU
		{527F645C-C1FC-406E-8479-81386C8ECF13}.Release|Any CPU.Build.0 = Release|Any CPU
		{E60895E5-79C4-447D-88B7-85CB5BA336A4}.Debug|Any CPU.ActiveCfg = Debug|Any CPU
		{E60895E5-79C4-447D-88B7-85CB5BA336A4}.Debug|Any CPU.Build.0 = Debug|Any CPU
		{E60895E5-79C4-447D-88B7-85CB5BA336A4}.Release|Any CPU.ActiveCfg = Release|Any CPU
		{E60895E5-79C4-447D-88B7-85CB5BA336A4}.Release|Any CPU.Build.0 = Release|Any CPU
		{90CB5DC4-C040-45C7-8900-9688B26405BC}.Debug|Any CPU.ActiveCfg = Debug|Any CPU
		{90CB5DC4-C040-45C7-8900-9688B26405BC}.Debug|Any CPU.Build.0 = Debug|Any CPU
		{90CB5DC4-C040-45C7-8900-9688B26405BC}.Release|Any CPU.ActiveCfg = Release|Any CPU
		{90CB5DC4-C040-45C7-8900-9688B26405BC}.Release|Any CPU.Build.0 = Release|Any CPU
		{3B7B6317-1B85-4164-8E11-75574F80AE17}.Debug|Any CPU.ActiveCfg = Debug|Any CPU
		{3B7B6317-1B85-4164-8E11-75574F80AE17}.Debug|Any CPU.Build.0 = Debug|Any CPU
		{3B7B6317-1B85-4164-8E11-75574F80AE17}.Release|Any CPU.ActiveCfg = Release|Any CPU
		{3B7B6317-1B85-4164-8E11-75574F80AE17}.Release|Any CPU.Build.0 = Release|Any CPU
		{1EDCD6D4-DF3A-4E3B-ABB6-C0D0B373EAB8}.Debug|Any CPU.ActiveCfg = Debug|Any CPU
		{1EDCD6D4-DF3A-4E3B-ABB6-C0D0B373EAB8}.Debug|Any CPU.Build.0 = Debug|Any CPU
		{1EDCD6D4-DF3A-4E3B-ABB6-C0D0B373EAB8}.Release|Any CPU.ActiveCfg = Release|Any CPU
		{1EDCD6D4-DF3A-4E3B-ABB6-C0D0B373EAB8}.Release|Any CPU.Build.0 = Release|Any CPU
		{ABBBC711-2919-489A-A381-A7D0D5D9E984}.Debug|Any CPU.ActiveCfg = Debug|Any CPU
		{ABBBC711-2919-489A-A381-A7D0D5D9E984}.Debug|Any CPU.Build.0 = Debug|Any CPU
		{ABBBC711-2919-489A-A381-A7D0D5D9E984}.Release|Any CPU.ActiveCfg = Release|Any CPU
		{ABBBC711-2919-489A-A381-A7D0D5D9E984}.Release|Any CPU.Build.0 = Release|Any CPU
		{F125680B-3121-4757-B0D3-8A956E2224DB}.Debug|Any CPU.ActiveCfg = Debug|Any CPU
		{F125680B-3121-4757-B0D3-8A956E2224DB}.Debug|Any CPU.Build.0 = Debug|Any CPU
		{F125680B-3121-4757-B0D3-8A956E2224DB}.Release|Any CPU.ActiveCfg = Release|Any CPU
		{F125680B-3121-4757-B0D3-8A956E2224DB}.Release|Any CPU.Build.0 = Release|Any CPU
		{0530B46A-C64B-4BB6-8948-D8DDE07E3671}.Debug|Any CPU.ActiveCfg = Debug|Any CPU
		{0530B46A-C64B-4BB6-8948-D8DDE07E3671}.Debug|Any CPU.Build.0 = Debug|Any CPU
		{0530B46A-C64B-4BB6-8948-D8DDE07E3671}.Release|Any CPU.ActiveCfg = Release|Any CPU
		{0530B46A-C64B-4BB6-8948-D8DDE07E3671}.Release|Any CPU.Build.0 = Release|Any CPU
		{ACADA442-9714-439F-A020-C64791C37A01}.Debug|Any CPU.ActiveCfg = Debug|Any CPU
		{ACADA442-9714-439F-A020-C64791C37A01}.Debug|Any CPU.Build.0 = Debug|Any CPU
		{ACADA442-9714-439F-A020-C64791C37A01}.Release|Any CPU.ActiveCfg = Release|Any CPU
		{ACADA442-9714-439F-A020-C64791C37A01}.Release|Any CPU.Build.0 = Release|Any CPU
		{65A39E4C-E7FF-4E57-9B41-FBA3040CEA81}.Debug|Any CPU.ActiveCfg = Debug|Any CPU
		{65A39E4C-E7FF-4E57-9B41-FBA3040CEA81}.Debug|Any CPU.Build.0 = Debug|Any CPU
		{65A39E4C-E7FF-4E57-9B41-FBA3040CEA81}.Release|Any CPU.ActiveCfg = Release|Any CPU
		{65A39E4C-E7FF-4E57-9B41-FBA3040CEA81}.Release|Any CPU.Build.0 = Release|Any CPU
	EndGlobalSection
	GlobalSection(SolutionProperties) = preSolution
		HideSolutionNode = FALSE
	EndGlobalSection
	GlobalSection(NestedProjects) = preSolution
		{D64C1577-4929-4B60-939E-96DE1534891A} = {75507563-B8EB-47D1-87AD-14275C0CBC26}
		{F2840BC7-0188-4606-9126-DADD0F5ABF7A} = {75507563-B8EB-47D1-87AD-14275C0CBC26}
		{BD65D04F-08D5-40C1-8C24-77CA0BACB877} = {D22A519E-10C8-4C83-9448-B02830CA87B0}
		{78040F9E-3501-4A40-82DF-00A597710F35} = {D22A519E-10C8-4C83-9448-B02830CA87B0}
		{0CE86223-D31D-4315-A1F5-87BA3EE1B844} = {75507563-B8EB-47D1-87AD-14275C0CBC26}
		{077AA5F8-8B61-420C-A6B5-0150A66FDB34} = {D22A519E-10C8-4C83-9448-B02830CA87B0}
		{36E2735F-CEAB-44C8-A6D1-2CDAFF399751} = {D22A519E-10C8-4C83-9448-B02830CA87B0}
		{C5BB573D-3030-4BCB-88B7-F6A85C32766C} = {CCD2960C-23CC-4AB4-B84D-60C7AAA52F4D}
		{527F645C-C1FC-406E-8479-81386C8ECF13} = {CCD2960C-23CC-4AB4-B84D-60C7AAA52F4D}
		{E60895E5-79C4-447D-88B7-85CB5BA336A4} = {CCD2960C-23CC-4AB4-B84D-60C7AAA52F4D}
		{90CB5DC4-C040-45C7-8900-9688B26405BC} = {CCD2960C-23CC-4AB4-B84D-60C7AAA52F4D}
		{3B7B6317-1B85-4164-8E11-75574F80AE17} = {D22A519E-10C8-4C83-9448-B02830CA87B0}
		{1EDCD6D4-DF3A-4E3B-ABB6-C0D0B373EAB8} = {CCD2960C-23CC-4AB4-B84D-60C7AAA52F4D}
		{21244C1C-AAB0-4472-8E00-00676A6FBFCD} = {649A3FFA-182F-4E56-9717-E6A9A2BEC545}
		{75507563-B8EB-47D1-87AD-14275C0CBC26} = {649A3FFA-182F-4E56-9717-E6A9A2BEC545}
		{D22A519E-10C8-4C83-9448-B02830CA87B0} = {649A3FFA-182F-4E56-9717-E6A9A2BEC545}
		{ABBBC711-2919-489A-A381-A7D0D5D9E984} = {21244C1C-AAB0-4472-8E00-00676A6FBFCD}
		{F125680B-3121-4757-B0D3-8A956E2224DB} = {21244C1C-AAB0-4472-8E00-00676A6FBFCD}
		{0530B46A-C64B-4BB6-8948-D8DDE07E3671} = {21244C1C-AAB0-4472-8E00-00676A6FBFCD}
		{ACADA442-9714-439F-A020-C64791C37A01} = {21244C1C-AAB0-4472-8E00-00676A6FBFCD}
		{65A39E4C-E7FF-4E57-9B41-FBA3040CEA81} = {21244C1C-AAB0-4472-8E00-00676A6FBFCD}
	EndGlobalSection
	GlobalSection(ExtensibilityGlobals) = postSolution
		SolutionGuid = {4324B3B4-B60B-4E3C-91D8-59576B4E26DD}
	EndGlobalSection
EndGlobal
